
Microsoft Visual Studio Solution File, Format Version 12.00
# Visual Studio Version 17
VisualStudioVersion = 17.7.34024.191
MinimumVisualStudioVersion = 10.0.40219.1
Project("{FAE04EC0-301F-11D3-BF4B-00C04F79EFBC}") = "Practice1.3", "Practice1.3\Practice1.3.csproj", "{E94C4B65-7B3E-4C78-AAC1-5481B80E17F6}"
EndProject
Project("{FAE04EC0-301F-11D3-BF4B-00C04F79EFBC}") = "ConsoleApp1", "ConsoleApp1\ConsoleApp1.csproj", "{3C847C8E-FD2A-487A-864C-C1BFF2469D62}"
EndProject
Project("{FAE04EC0-301F-11D3-BF4B-00C04F79EFBC}") = "ConsoleApp2", "ConsoleApp2\ConsoleApp2.csproj", "{17843AE0-0FBA-4809-8EA2-34C81C0B3828}"
EndProject
Project("{FAE04EC0-301F-11D3-BF4B-00C04F79EFBC}") = "ConsoleApp3", "ConsoleApp3\ConsoleApp3.csproj", "{982B271F-C22E-4598-AFF2-9A922C2F1BE3}"
EndProject
Global
	GlobalSection(SolutionConfigurationPlatforms) = preSolution
		Debug|Any CPU = Debug|Any CPU
		Release|Any CPU = Release|Any CPU
	EndGlobalSection
	GlobalSection(ProjectConfigurationPlatforms) = postSolution
		{E94C4B65-7B3E-4C78-AAC1-5481B80E17F6}.Debug|Any CPU.ActiveCfg = Debug|Any CPU
		{E94C4B65-7B3E-4C78-AAC1-5481B80E17F6}.Debug|Any CPU.Build.0 = Debug|Any CPU
		{E94C4B65-7B3E-4C78-AAC1-5481B80E17F6}.Release|Any CPU.ActiveCfg = Release|Any CPU
		{E94C4B65-7B3E-4C78-AAC1-5481B80E17F6}.Release|Any CPU.Build.0 = Release|Any CPU
		{3C847C8E-FD2A-487A-864C-C1BFF2469D62}.Debug|Any CPU.ActiveCfg = Debug|Any CPU
		{3C847C8E-FD2A-487A-864C-C1BFF2469D62}.Debug|Any CPU.Build.0 = Debug|Any CPU
		{3C847C8E-FD2A-487A-864C-C1BFF2469D62}.Release|Any CPU.ActiveCfg = Release|Any CPU
		{3C847C8E-FD2A-487A-864C-C1BFF2469D62}.Release|Any CPU.Build.0 = Release|Any CPU
		{17843AE0-0FBA-4809-8EA2-34C81C0B3828}.Debug|Any CPU.ActiveCfg = Debug|Any CPU
		{17843AE0-0FBA-4809-8EA2-34C81C0B3828}.Debug|Any CPU.Build.0 = Debug|Any CPU
		{17843AE0-0FBA-4809-8EA2-34C81C0B3828}.Release|Any CPU.ActiveCfg = Release|Any CPU
		{17843AE0-0FBA-4809-8EA2-34C81C0B3828}.Release|Any CPU.Build.0 = Release|Any CPU
		{982B271F-C22E-4598-AFF2-9A922C2F1BE3}.Debug|Any CPU.ActiveCfg = Debug|Any CPU
		{982B271F-C22E-4598-AFF2-9A922C2F1BE3}.Debug|Any CPU.Build.0 = Debug|Any CPU
		{982B271F-C22E-4598-AFF2-9A922C2F1BE3}.Release|Any CPU.ActiveCfg = Release|Any CPU
		{982B271F-C22E-4598-AFF2-9A922C2F1BE3}.Release|Any CPU.Build.0 = Release|Any CPU
	EndGlobalSection
	GlobalSection(SolutionProperties) = preSolution
		HideSolutionNode = FALSE
	EndGlobalSection
	GlobalSection(ExtensibilityGlobals) = postSolution
		SolutionGuid = {73D176F0-BEFA-4605-870F-D945F469B720}
	EndGlobalSection
EndGlobal
