
Microsoft Visual Studio Solution File, Format Version 12.00
# Visual Studio Version 17
VisualStudioVersion = 17.7.34024.191
MinimumVisualStudioVersion = 10.0.40219.1
Project("{FAE04EC0-301F-11D3-BF4B-00C04F79EFBC}") = "ConsoleApp1", "ConsoleApp1\ConsoleApp1.csproj", "{B0112C91-3C2A-4491-A8E3-CBE183EE388E}"
EndProject
Project("{FAE04EC0-301F-11D3-BF4B-00C04F79EFBC}") = "ConsoleApp2", "ConsoleApp2\ConsoleApp2.csproj", "{B5CFEFD4-32A3-4D94-BD74-AA65C5B827D9}"
EndProject
Project("{FAE04EC0-301F-11D3-BF4B-00C04F79EFBC}") = "ConsoleApp3", "ConsoleApp3\ConsoleApp3.csproj", "{C392AFCE-37C5-4BCC-9EAB-D31595852724}"
EndProject
Project("{FAE04EC0-301F-11D3-BF4B-00C04F79EFBC}") = "ConsoleApp4", "ConsoleApp4\ConsoleApp4.csproj", "{CF6EA72A-CE46-4B1F-AA5A-59EFC9E7D931}"
EndProject
Project("{FAE04EC0-301F-11D3-BF4B-00C04F79EFBC}") = "ConsoleApp5", "ConsoleApp5\ConsoleApp5.csproj", "{225DB225-1BE1-4B13-B457-8EB88229ADC8}"
EndProject
Global
	GlobalSection(SolutionConfigurationPlatforms) = preSolution
		Debug|Any CPU = Debug|Any CPU
		Release|Any CPU = Release|Any CPU
	EndGlobalSection
	GlobalSection(ProjectConfigurationPlatforms) = postSolution
		{B0112C91-3C2A-4491-A8E3-CBE183EE388E}.Debug|Any CPU.ActiveCfg = Debug|Any CPU
		{B0112C91-3C2A-4491-A8E3-CBE183EE388E}.Debug|Any CPU.Build.0 = Debug|Any CPU
		{B0112C91-3C2A-4491-A8E3-CBE183EE388E}.Release|Any CPU.ActiveCfg = Release|Any CPU
		{B0112C91-3C2A-4491-A8E3-CBE183EE388E}.Release|Any CPU.Build.0 = Release|Any CPU
		{B5CFEFD4-32A3-4D94-BD74-AA65C5B827D9}.Debug|Any CPU.ActiveCfg = Debug|Any CPU
		{B5CFEFD4-32A3-4D94-BD74-AA65C5B827D9}.Debug|Any CPU.Build.0 = Debug|Any CPU
		{B5CFEFD4-32A3-4D94-BD74-AA65C5B827D9}.Release|Any CPU.ActiveCfg = Release|Any CPU
		{B5CFEFD4-32A3-4D94-BD74-AA65C5B827D9}.Release|Any CPU.Build.0 = Release|Any CPU
		{C392AFCE-37C5-4BCC-9EAB-D31595852724}.Debug|Any CPU.ActiveCfg = Debug|Any CPU
		{C392AFCE-37C5-4BCC-9EAB-D31595852724}.Debug|Any CPU.Build.0 = Debug|Any CPU
		{C392AFCE-37C5-4BCC-9EAB-D31595852724}.Release|Any CPU.ActiveCfg = Release|Any CPU
		{C392AFCE-37C5-4BCC-9EAB-D31595852724}.Release|Any CPU.Build.0 = Release|Any CPU
		{CF6EA72A-CE46-4B1F-AA5A-59EFC9E7D931}.Debug|Any CPU.ActiveCfg = Debug|Any CPU
		{CF6EA72A-CE46-4B1F-AA5A-59EFC9E7D931}.Debug|Any CPU.Build.0 = Debug|Any CPU
		{CF6EA72A-CE46-4B1F-AA5A-59EFC9E7D931}.Release|Any CPU.ActiveCfg = Release|Any CPU
		{CF6EA72A-CE46-4B1F-AA5A-59EFC9E7D931}.Release|Any CPU.Build.0 = Release|Any CPU
		{225DB225-1BE1-4B13-B457-8EB88229ADC8}.Debug|Any CPU.ActiveCfg = Debug|Any CPU
		{225DB225-1BE1-4B13-B457-8EB88229ADC8}.Debug|Any CPU.Build.0 = Debug|Any CPU
		{225DB225-1BE1-4B13-B457-8EB88229ADC8}.Release|Any CPU.ActiveCfg = Release|Any CPU
		{225DB225-1BE1-4B13-B457-8EB88229ADC8}.Release|Any CPU.Build.0 = Release|Any CPU
	EndGlobalSection
	GlobalSection(SolutionProperties) = preSolution
		HideSolutionNode = FALSE
	EndGlobalSection
	GlobalSection(ExtensibilityGlobals) = postSolution
		SolutionGuid = {ADBADC85-AF49-44B8-A1DE-9792C98A0984}
	EndGlobalSection
EndGlobal
